// !$*UTF8*$!
{
	archiveVersion = 1;
	classes = {
	};
	objectVersion = 55;
	objects = {

/* Begin PBXBuildFile section */
		1214C9402C4138EF00551FF9 /* CharacterDataSource.swift in Sources */ = {isa = PBXBuildFile; fileRef = 1214C93F2C4138EF00551FF9 /* CharacterDataSource.swift */; };
		123620122C512367004B5B77 /* AnimeListDataSourceProtocol.swift in Sources */ = {isa = PBXBuildFile; fileRef = 123620112C512367004B5B77 /* AnimeListDataSourceProtocol.swift */; };
		123620142C522AA4004B5B77 /* AnimeListRepositoryProtocol.swift in Sources */ = {isa = PBXBuildFile; fileRef = 123620132C522AA4004B5B77 /* AnimeListRepositoryProtocol.swift */; };
		123620162C522AC6004B5B77 /* AnimeRepositoryIMPL.swift in Sources */ = {isa = PBXBuildFile; fileRef = 123620152C522AC6004B5B77 /* AnimeRepositoryIMPL.swift */; };
		123620182C522B89004B5B77 /* GetAnimeListUseCaseProtocol.swift in Sources */ = {isa = PBXBuildFile; fileRef = 123620172C522B89004B5B77 /* GetAnimeListUseCaseProtocol.swift */; };
		1236201A2C522BD1004B5B77 /* GetAnimeListUseCase.swift in Sources */ = {isa = PBXBuildFile; fileRef = 123620192C522BD1004B5B77 /* GetAnimeListUseCase.swift */; };
		1236201C2C522C7E004B5B77 /* AnimeListViewModel.swift in Sources */ = {isa = PBXBuildFile; fileRef = 1236201B2C522C7E004B5B77 /* AnimeListViewModel.swift */; };
		1236201E2C522D09004B5B77 /* AnimeListScreen.swift in Sources */ = {isa = PBXBuildFile; fileRef = 1236201D2C522D09004B5B77 /* AnimeListScreen.swift */; };
		123620202C522D76004B5B77 /* AnimeCell.swift in Sources */ = {isa = PBXBuildFile; fileRef = 1236201F2C522D76004B5B77 /* AnimeCell.swift */; };
		123620222C5233CA004B5B77 /* AnimeListResponse.swift in Sources */ = {isa = PBXBuildFile; fileRef = 123620212C5233CA004B5B77 /* AnimeListResponse.swift */; };
		12BF29202C47B28C0023D96A /* CharacterRepositoryIMPL.swift in Sources */ = {isa = PBXBuildFile; fileRef = 12BF291F2C47B28C0023D96A /* CharacterRepositoryIMPL.swift */; };
		12BF29232C47B4EA0023D96A /* CharacterRepositoryProtocol.swift in Sources */ = {isa = PBXBuildFile; fileRef = 12BF29222C47B4EA0023D96A /* CharacterRepositoryProtocol.swift */; };
		12BF29272C4816CD0023D96A /* GetCharactersUseCase.swift in Sources */ = {isa = PBXBuildFile; fileRef = 12BF29262C4816CD0023D96A /* GetCharactersUseCase.swift */; };
		12BF292A2C4817170023D96A /* GetCharactersUseCaseProtocol.swift in Sources */ = {isa = PBXBuildFile; fileRef = 12BF29292C4817170023D96A /* GetCharactersUseCaseProtocol.swift */; };
		1553B0962926861A0079E9EB /* Endpoints.swift in Sources */ = {isa = PBXBuildFile; fileRef = 1553B0952926861A0079E9EB /* Endpoints.swift */; };
		156BB88128A5221A000182DB /* Colors.xcassets in Resources */ = {isa = PBXBuildFile; fileRef = 156BB88028A5221A000182DB /* Colors.xcassets */; };
		156BB88828A52659000182DB /* Bitter-SemiBold.ttf in Resources */ = {isa = PBXBuildFile; fileRef = 156BB88328A52659000182DB /* Bitter-SemiBold.ttf */; };
		156BB88928A52659000182DB /* Bitter-Bold.ttf in Resources */ = {isa = PBXBuildFile; fileRef = 156BB88428A52659000182DB /* Bitter-Bold.ttf */; };
		156BB88A28A52659000182DB /* Bitter-Medium.ttf in Resources */ = {isa = PBXBuildFile; fileRef = 156BB88528A52659000182DB /* Bitter-Medium.ttf */; };
		156BB88B28A52659000182DB /* Bitter-Regular.ttf in Resources */ = {isa = PBXBuildFile; fileRef = 156BB88628A52659000182DB /* Bitter-Regular.ttf */; };
		156BB88C28A52659000182DB /* Bitter-Light.ttf in Resources */ = {isa = PBXBuildFile; fileRef = 156BB88728A52659000182DB /* Bitter-Light.ttf */; };
		157A1124289AC7890035636F /* CharactersModel.swift in Sources */ = {isa = PBXBuildFile; fileRef = 157A1123289AC7890035636F /* CharactersModel.swift */; };
		157A1D9728BD129500DE0678 /* FileModel.swift in Sources */ = {isa = PBXBuildFile; fileRef = 157A1D9628BD129500DE0678 /* FileModel.swift */; };
		1581A01B2898263100CD1DF0 /* base_projectApp.swift in Sources */ = {isa = PBXBuildFile; fileRef = 1581A01A2898263100CD1DF0 /* base_projectApp.swift */; };
		1581A01D2898263100CD1DF0 /* ContentView.swift in Sources */ = {isa = PBXBuildFile; fileRef = 1581A01C2898263100CD1DF0 /* ContentView.swift */; };
		1581A01F2898263300CD1DF0 /* Assets.xcassets in Resources */ = {isa = PBXBuildFile; fileRef = 1581A01E2898263300CD1DF0 /* Assets.xcassets */; };
		1581A0222898263300CD1DF0 /* Preview Assets.xcassets in Resources */ = {isa = PBXBuildFile; fileRef = 1581A0212898263300CD1DF0 /* Preview Assets.xcassets */; };
		1581A02C2898263300CD1DF0 /* base_projectTests.swift in Sources */ = {isa = PBXBuildFile; fileRef = 1581A02B2898263300CD1DF0 /* base_projectTests.swift */; };
		1581A0362898263300CD1DF0 /* base_projectUITests.swift in Sources */ = {isa = PBXBuildFile; fileRef = 1581A0352898263300CD1DF0 /* base_projectUITests.swift */; };
		1581A0382898263300CD1DF0 /* base_projectUITestsLaunchTests.swift in Sources */ = {isa = PBXBuildFile; fileRef = 1581A0372898263300CD1DF0 /* base_projectUITestsLaunchTests.swift */; };
		1581A0462898266800CD1DF0 /* URLRequest.swift in Sources */ = {isa = PBXBuildFile; fileRef = 1581A0452898266800CD1DF0 /* URLRequest.swift */; };
		1581A0482898269F00CD1DF0 /* InternetConnectivityViewModel.swift in Sources */ = {isa = PBXBuildFile; fileRef = 1581A0472898269F00CD1DF0 /* InternetConnectivityViewModel.swift */; };
		1581A04B289826F700CD1DF0 /* Alerts.swift in Sources */ = {isa = PBXBuildFile; fileRef = 1581A04A289826F700CD1DF0 /* Alerts.swift */; };
		1581A04D2898271700CD1DF0 /* PresentationConstants.swift in Sources */ = {isa = PBXBuildFile; fileRef = 1581A04C2898271700CD1DF0 /* PresentationConstants.swift */; };
		1581A04F2898274A00CD1DF0 /* PresentationExtensions.swift in Sources */ = {isa = PBXBuildFile; fileRef = 1581A04E2898274A00CD1DF0 /* PresentationExtensions.swift */; };
		1581A0512898277200CD1DF0 /* GeneralFunctions.swift in Sources */ = {isa = PBXBuildFile; fileRef = 1581A0502898277200CD1DF0 /* GeneralFunctions.swift */; };
		1581A053289827AB00CD1DF0 /* Singleton.swift in Sources */ = {isa = PBXBuildFile; fileRef = 1581A052289827AB00CD1DF0 /* Singleton.swift */; };
		1581A05628982A7A00CD1DF0 /* AppEnvironmentObject.swift in Sources */ = {isa = PBXBuildFile; fileRef = 1581A05528982A7A00CD1DF0 /* AppEnvironmentObject.swift */; };
		159842972C3A4E7300DA5E52 /* DataExtensions.swift in Sources */ = {isa = PBXBuildFile; fileRef = 159842962C3A4E7300DA5E52 /* DataExtensions.swift */; };
		159842992C3A4EA900DA5E52 /* DataConstants.swift in Sources */ = {isa = PBXBuildFile; fileRef = 159842982C3A4EA900DA5E52 /* DataConstants.swift */; };
		1598429C2C3A542800DA5E52 /* Constants.swift in Sources */ = {isa = PBXBuildFile; fileRef = 1598429B2C3A542800DA5E52 /* Constants.swift */; };
		1598429E2C3A548C00DA5E52 /* Extensions.swift in Sources */ = {isa = PBXBuildFile; fileRef = 1598429D2C3A548C00DA5E52 /* Extensions.swift */; };
		15BC6DF629522BAF000B9CE2 /* AppTexts.swift in Sources */ = {isa = PBXBuildFile; fileRef = 15BC6DF529522BAF000B9CE2 /* AppTexts.swift */; };
		15C3EBC12B1F922200E12469 /* ShimmerView.swift in Sources */ = {isa = PBXBuildFile; fileRef = 15C3EBBB2B1F922200E12469 /* ShimmerView.swift */; };
		15C3EBC22B1F922200E12469 /* EmptyListView.swift in Sources */ = {isa = PBXBuildFile; fileRef = 15C3EBBC2B1F922200E12469 /* EmptyListView.swift */; };
		15C3EBC32B1F922200E12469 /* ListFooterProgressView.swift in Sources */ = {isa = PBXBuildFile; fileRef = 15C3EBBD2B1F922200E12469 /* ListFooterProgressView.swift */; };
		15C3EBC42B1F922200E12469 /* NetworkImageModifier.swift in Sources */ = {isa = PBXBuildFile; fileRef = 15C3EBBE2B1F922200E12469 /* NetworkImageModifier.swift */; };
		15C3EBC52B1F922200E12469 /* ImagePicker.swift in Sources */ = {isa = PBXBuildFile; fileRef = 15C3EBBF2B1F922200E12469 /* ImagePicker.swift */; };
		15C3EBC62B1F922200E12469 /* KingfisherImageView.swift in Sources */ = {isa = PBXBuildFile; fileRef = 15C3EBC02B1F922200E12469 /* KingfisherImageView.swift */; };
		15C81435289972190029EA26 /* CharactersListScreen.swift in Sources */ = {isa = PBXBuildFile; fileRef = 15C81434289972190029EA26 /* CharactersListScreen.swift */; };
		15C81438289973BD0029EA26 /* CharactersListViewModel.swift in Sources */ = {isa = PBXBuildFile; fileRef = 15C81437289973BD0029EA26 /* CharactersListViewModel.swift */; };
		15ED1AA628A406FA008A92B2 /* CharacterCell.swift in Sources */ = {isa = PBXBuildFile; fileRef = 15ED1AA528A406FA008A92B2 /* CharacterCell.swift */; };
		15F900492B20E19D00447827 /* LaunchScreen.storyboard in Resources */ = {isa = PBXBuildFile; fileRef = 15F900482B20E19D00447827 /* LaunchScreen.storyboard */; };
		6324344C87F98C6EA444B60C /* Pods_base_project_base_projectUITests.framework in Frameworks */ = {isa = PBXBuildFile; fileRef = E1E80982504AB1EF416DC3F8 /* Pods_base_project_base_projectUITests.framework */; };
		CCF3346D62E913A685D5E139 /* Pods_base_project.framework in Frameworks */ = {isa = PBXBuildFile; fileRef = 08A4412AEB9CFF41E8531F21 /* Pods_base_project.framework */; };
		D0AE707B40C6D701DE55EE34 /* Pods_base_projectTests.framework in Frameworks */ = {isa = PBXBuildFile; fileRef = 9925EEC71ACCF35CD93D3F6D /* Pods_base_projectTests.framework */; };
/* End PBXBuildFile section */

/* Begin PBXContainerItemProxy section */
		1581A0282898263300CD1DF0 /* PBXContainerItemProxy */ = {
			isa = PBXContainerItemProxy;
			containerPortal = 1581A00F2898263100CD1DF0 /* Project object */;
			proxyType = 1;
			remoteGlobalIDString = 1581A0162898263100CD1DF0;
			remoteInfo = base_project;
		};
		1581A0322898263300CD1DF0 /* PBXContainerItemProxy */ = {
			isa = PBXContainerItemProxy;
			containerPortal = 1581A00F2898263100CD1DF0 /* Project object */;
			proxyType = 1;
			remoteGlobalIDString = 1581A0162898263100CD1DF0;
			remoteInfo = base_project;
		};
/* End PBXContainerItemProxy section */

/* Begin PBXFileReference section */
		08A4412AEB9CFF41E8531F21 /* Pods_base_project.framework */ = {isa = PBXFileReference; explicitFileType = wrapper.framework; includeInIndex = 0; path = Pods_base_project.framework; sourceTree = BUILT_PRODUCTS_DIR; };
		0C47C2D1B4B8ACFA7722EA30 /* Pods-base_project.debug.xcconfig */ = {isa = PBXFileReference; includeInIndex = 1; lastKnownFileType = text.xcconfig; name = "Pods-base_project.debug.xcconfig"; path = "Target Support Files/Pods-base_project/Pods-base_project.debug.xcconfig"; sourceTree = "<group>"; };
		1214C93F2C4138EF00551FF9 /* CharacterDataSource.swift */ = {isa = PBXFileReference; lastKnownFileType = sourcecode.swift; path = CharacterDataSource.swift; sourceTree = "<group>"; };
		123620112C512367004B5B77 /* AnimeListDataSourceProtocol.swift */ = {isa = PBXFileReference; lastKnownFileType = sourcecode.swift; path = AnimeListDataSourceProtocol.swift; sourceTree = "<group>"; };
		123620132C522AA4004B5B77 /* AnimeListRepositoryProtocol.swift */ = {isa = PBXFileReference; lastKnownFileType = sourcecode.swift; path = AnimeListRepositoryProtocol.swift; sourceTree = "<group>"; };
		123620152C522AC6004B5B77 /* AnimeRepositoryIMPL.swift */ = {isa = PBXFileReference; lastKnownFileType = sourcecode.swift; path = AnimeRepositoryIMPL.swift; sourceTree = "<group>"; };
		123620172C522B89004B5B77 /* GetAnimeListUseCaseProtocol.swift */ = {isa = PBXFileReference; lastKnownFileType = sourcecode.swift; path = GetAnimeListUseCaseProtocol.swift; sourceTree = "<group>"; };
		123620192C522BD1004B5B77 /* GetAnimeListUseCase.swift */ = {isa = PBXFileReference; lastKnownFileType = sourcecode.swift; path = GetAnimeListUseCase.swift; sourceTree = "<group>"; };
		1236201B2C522C7E004B5B77 /* AnimeListViewModel.swift */ = {isa = PBXFileReference; lastKnownFileType = sourcecode.swift; path = AnimeListViewModel.swift; sourceTree = "<group>"; };
		1236201D2C522D09004B5B77 /* AnimeListScreen.swift */ = {isa = PBXFileReference; lastKnownFileType = sourcecode.swift; path = AnimeListScreen.swift; sourceTree = "<group>"; };
		1236201F2C522D76004B5B77 /* AnimeCell.swift */ = {isa = PBXFileReference; lastKnownFileType = sourcecode.swift; path = AnimeCell.swift; sourceTree = "<group>"; };
		123620212C5233CA004B5B77 /* AnimeListResponse.swift */ = {isa = PBXFileReference; lastKnownFileType = sourcecode.swift; path = AnimeListResponse.swift; sourceTree = "<group>"; };
		12BF291F2C47B28C0023D96A /* CharacterRepositoryIMPL.swift */ = {isa = PBXFileReference; lastKnownFileType = sourcecode.swift; path = CharacterRepositoryIMPL.swift; sourceTree = "<group>"; };
		12BF29222C47B4EA0023D96A /* CharacterRepositoryProtocol.swift */ = {isa = PBXFileReference; lastKnownFileType = sourcecode.swift; path = CharacterRepositoryProtocol.swift; sourceTree = "<group>"; };
		12BF29262C4816CD0023D96A /* GetCharactersUseCase.swift */ = {isa = PBXFileReference; lastKnownFileType = sourcecode.swift; path = GetCharactersUseCase.swift; sourceTree = "<group>"; };
		12BF29292C4817170023D96A /* GetCharactersUseCaseProtocol.swift */ = {isa = PBXFileReference; lastKnownFileType = sourcecode.swift; path = GetCharactersUseCaseProtocol.swift; sourceTree = "<group>"; };
		1553B0952926861A0079E9EB /* Endpoints.swift */ = {isa = PBXFileReference; lastKnownFileType = sourcecode.swift; path = Endpoints.swift; sourceTree = "<group>"; };
		156BB88028A5221A000182DB /* Colors.xcassets */ = {isa = PBXFileReference; lastKnownFileType = folder.assetcatalog; path = Colors.xcassets; sourceTree = "<group>"; };
		156BB88328A52659000182DB /* Bitter-SemiBold.ttf */ = {isa = PBXFileReference; lastKnownFileType = file; path = "Bitter-SemiBold.ttf"; sourceTree = "<group>"; };
		156BB88428A52659000182DB /* Bitter-Bold.ttf */ = {isa = PBXFileReference; lastKnownFileType = file; path = "Bitter-Bold.ttf"; sourceTree = "<group>"; };
		156BB88528A52659000182DB /* Bitter-Medium.ttf */ = {isa = PBXFileReference; lastKnownFileType = file; path = "Bitter-Medium.ttf"; sourceTree = "<group>"; };
		156BB88628A52659000182DB /* Bitter-Regular.ttf */ = {isa = PBXFileReference; lastKnownFileType = file; path = "Bitter-Regular.ttf"; sourceTree = "<group>"; };
		156BB88728A52659000182DB /* Bitter-Light.ttf */ = {isa = PBXFileReference; lastKnownFileType = file; path = "Bitter-Light.ttf"; sourceTree = "<group>"; };
		156BB88D28A52686000182DB /* base-project-Info.plist */ = {isa = PBXFileReference; lastKnownFileType = text.plist; path = "base-project-Info.plist"; sourceTree = SOURCE_ROOT; };
		157A1123289AC7890035636F /* CharactersModel.swift */ = {isa = PBXFileReference; lastKnownFileType = sourcecode.swift; path = CharactersModel.swift; sourceTree = "<group>"; };
		157A1D9628BD129500DE0678 /* FileModel.swift */ = {isa = PBXFileReference; lastKnownFileType = sourcecode.swift; path = FileModel.swift; sourceTree = "<group>"; };
		1581A0172898263100CD1DF0 /* base_project.app */ = {isa = PBXFileReference; explicitFileType = wrapper.application; includeInIndex = 0; path = base_project.app; sourceTree = BUILT_PRODUCTS_DIR; };
		1581A01A2898263100CD1DF0 /* base_projectApp.swift */ = {isa = PBXFileReference; lastKnownFileType = sourcecode.swift; path = base_projectApp.swift; sourceTree = "<group>"; };
		1581A01C2898263100CD1DF0 /* ContentView.swift */ = {isa = PBXFileReference; lastKnownFileType = sourcecode.swift; path = ContentView.swift; sourceTree = "<group>"; };
		1581A01E2898263300CD1DF0 /* Assets.xcassets */ = {isa = PBXFileReference; lastKnownFileType = folder.assetcatalog; path = Assets.xcassets; sourceTree = "<group>"; };
		1581A0212898263300CD1DF0 /* Preview Assets.xcassets */ = {isa = PBXFileReference; lastKnownFileType = folder.assetcatalog; path = "Preview Assets.xcassets"; sourceTree = "<group>"; };
		1581A0272898263300CD1DF0 /* base_projectTests.xctest */ = {isa = PBXFileReference; explicitFileType = wrapper.cfbundle; includeInIndex = 0; path = base_projectTests.xctest; sourceTree = BUILT_PRODUCTS_DIR; };
		1581A02B2898263300CD1DF0 /* base_projectTests.swift */ = {isa = PBXFileReference; lastKnownFileType = sourcecode.swift; path = base_projectTests.swift; sourceTree = "<group>"; };
		1581A0312898263300CD1DF0 /* base_projectUITests.xctest */ = {isa = PBXFileReference; explicitFileType = wrapper.cfbundle; includeInIndex = 0; path = base_projectUITests.xctest; sourceTree = BUILT_PRODUCTS_DIR; };
		1581A0352898263300CD1DF0 /* base_projectUITests.swift */ = {isa = PBXFileReference; lastKnownFileType = sourcecode.swift; path = base_projectUITests.swift; sourceTree = "<group>"; };
		1581A0372898263300CD1DF0 /* base_projectUITestsLaunchTests.swift */ = {isa = PBXFileReference; lastKnownFileType = sourcecode.swift; path = base_projectUITestsLaunchTests.swift; sourceTree = "<group>"; };
		1581A0452898266800CD1DF0 /* URLRequest.swift */ = {isa = PBXFileReference; lastKnownFileType = sourcecode.swift; path = URLRequest.swift; sourceTree = "<group>"; };
		1581A0472898269F00CD1DF0 /* InternetConnectivityViewModel.swift */ = {isa = PBXFileReference; lastKnownFileType = sourcecode.swift; path = InternetConnectivityViewModel.swift; sourceTree = "<group>"; };
		1581A04A289826F700CD1DF0 /* Alerts.swift */ = {isa = PBXFileReference; lastKnownFileType = sourcecode.swift; path = Alerts.swift; sourceTree = "<group>"; };
		1581A04C2898271700CD1DF0 /* PresentationConstants.swift */ = {isa = PBXFileReference; lastKnownFileType = sourcecode.swift; path = PresentationConstants.swift; sourceTree = "<group>"; };
		1581A04E2898274A00CD1DF0 /* PresentationExtensions.swift */ = {isa = PBXFileReference; lastKnownFileType = sourcecode.swift; path = PresentationExtensions.swift; sourceTree = "<group>"; };
		1581A0502898277200CD1DF0 /* GeneralFunctions.swift */ = {isa = PBXFileReference; lastKnownFileType = sourcecode.swift; path = GeneralFunctions.swift; sourceTree = "<group>"; };
		1581A052289827AB00CD1DF0 /* Singleton.swift */ = {isa = PBXFileReference; lastKnownFileType = sourcecode.swift; path = Singleton.swift; sourceTree = "<group>"; };
		1581A05528982A7A00CD1DF0 /* AppEnvironmentObject.swift */ = {isa = PBXFileReference; lastKnownFileType = sourcecode.swift; path = AppEnvironmentObject.swift; sourceTree = "<group>"; };
		159842962C3A4E7300DA5E52 /* DataExtensions.swift */ = {isa = PBXFileReference; lastKnownFileType = sourcecode.swift; path = DataExtensions.swift; sourceTree = "<group>"; };
		159842982C3A4EA900DA5E52 /* DataConstants.swift */ = {isa = PBXFileReference; lastKnownFileType = sourcecode.swift; path = DataConstants.swift; sourceTree = "<group>"; };
		1598429B2C3A542800DA5E52 /* Constants.swift */ = {isa = PBXFileReference; lastKnownFileType = sourcecode.swift; path = Constants.swift; sourceTree = "<group>"; };
		1598429D2C3A548C00DA5E52 /* Extensions.swift */ = {isa = PBXFileReference; lastKnownFileType = sourcecode.swift; path = Extensions.swift; sourceTree = "<group>"; };
		15BC6DF529522BAF000B9CE2 /* AppTexts.swift */ = {isa = PBXFileReference; lastKnownFileType = sourcecode.swift; path = AppTexts.swift; sourceTree = "<group>"; };
		15C3EBBB2B1F922200E12469 /* ShimmerView.swift */ = {isa = PBXFileReference; fileEncoding = 4; lastKnownFileType = sourcecode.swift; path = ShimmerView.swift; sourceTree = "<group>"; };
		15C3EBBC2B1F922200E12469 /* EmptyListView.swift */ = {isa = PBXFileReference; fileEncoding = 4; lastKnownFileType = sourcecode.swift; path = EmptyListView.swift; sourceTree = "<group>"; };
		15C3EBBD2B1F922200E12469 /* ListFooterProgressView.swift */ = {isa = PBXFileReference; fileEncoding = 4; lastKnownFileType = sourcecode.swift; path = ListFooterProgressView.swift; sourceTree = "<group>"; };
		15C3EBBE2B1F922200E12469 /* NetworkImageModifier.swift */ = {isa = PBXFileReference; fileEncoding = 4; lastKnownFileType = sourcecode.swift; path = NetworkImageModifier.swift; sourceTree = "<group>"; };
		15C3EBBF2B1F922200E12469 /* ImagePicker.swift */ = {isa = PBXFileReference; fileEncoding = 4; lastKnownFileType = sourcecode.swift; path = ImagePicker.swift; sourceTree = "<group>"; };
		15C3EBC02B1F922200E12469 /* KingfisherImageView.swift */ = {isa = PBXFileReference; fileEncoding = 4; lastKnownFileType = sourcecode.swift; path = KingfisherImageView.swift; sourceTree = "<group>"; };
		15C81434289972190029EA26 /* CharactersListScreen.swift */ = {isa = PBXFileReference; lastKnownFileType = sourcecode.swift; path = CharactersListScreen.swift; sourceTree = "<group>"; };
		15C81437289973BD0029EA26 /* CharactersListViewModel.swift */ = {isa = PBXFileReference; lastKnownFileType = sourcecode.swift; path = CharactersListViewModel.swift; sourceTree = "<group>"; };
		15ED1AA528A406FA008A92B2 /* CharacterCell.swift */ = {isa = PBXFileReference; lastKnownFileType = sourcecode.swift; path = CharacterCell.swift; sourceTree = "<group>"; };
		15F900482B20E19D00447827 /* LaunchScreen.storyboard */ = {isa = PBXFileReference; lastKnownFileType = file.storyboard; path = LaunchScreen.storyboard; sourceTree = "<group>"; };
		3A4A2EF352C8EC9D8F2D477D /* Pods-base_project-base_projectUITests.release.xcconfig */ = {isa = PBXFileReference; includeInIndex = 1; lastKnownFileType = text.xcconfig; name = "Pods-base_project-base_projectUITests.release.xcconfig"; path = "Target Support Files/Pods-base_project-base_projectUITests/Pods-base_project-base_projectUITests.release.xcconfig"; sourceTree = "<group>"; };
		41AB277B2790512EDE741B9E /* Pods-base_project-base_projectUITests.debug.xcconfig */ = {isa = PBXFileReference; includeInIndex = 1; lastKnownFileType = text.xcconfig; name = "Pods-base_project-base_projectUITests.debug.xcconfig"; path = "Target Support Files/Pods-base_project-base_projectUITests/Pods-base_project-base_projectUITests.debug.xcconfig"; sourceTree = "<group>"; };
		7F77DE2AC7627D8D9C75B98C /* Pods-base_projectTests.debug.xcconfig */ = {isa = PBXFileReference; includeInIndex = 1; lastKnownFileType = text.xcconfig; name = "Pods-base_projectTests.debug.xcconfig"; path = "Target Support Files/Pods-base_projectTests/Pods-base_projectTests.debug.xcconfig"; sourceTree = "<group>"; };
		901D22200E28A48F236C7B99 /* Pods-base_projectTests.release.xcconfig */ = {isa = PBXFileReference; includeInIndex = 1; lastKnownFileType = text.xcconfig; name = "Pods-base_projectTests.release.xcconfig"; path = "Target Support Files/Pods-base_projectTests/Pods-base_projectTests.release.xcconfig"; sourceTree = "<group>"; };
		9925EEC71ACCF35CD93D3F6D /* Pods_base_projectTests.framework */ = {isa = PBXFileReference; explicitFileType = wrapper.framework; includeInIndex = 0; path = Pods_base_projectTests.framework; sourceTree = BUILT_PRODUCTS_DIR; };
		B0F7D5E33CB3A89EC7EBF884 /* Pods-base_project.release.xcconfig */ = {isa = PBXFileReference; includeInIndex = 1; lastKnownFileType = text.xcconfig; name = "Pods-base_project.release.xcconfig"; path = "Target Support Files/Pods-base_project/Pods-base_project.release.xcconfig"; sourceTree = "<group>"; };
		E1E80982504AB1EF416DC3F8 /* Pods_base_project_base_projectUITests.framework */ = {isa = PBXFileReference; explicitFileType = wrapper.framework; includeInIndex = 0; path = Pods_base_project_base_projectUITests.framework; sourceTree = BUILT_PRODUCTS_DIR; };
/* End PBXFileReference section */

/* Begin PBXFrameworksBuildPhase section */
		1581A0142898263100CD1DF0 /* Frameworks */ = {
			isa = PBXFrameworksBuildPhase;
			buildActionMask = 2147483647;
			files = (
				CCF3346D62E913A685D5E139 /* Pods_base_project.framework in Frameworks */,
			);
			runOnlyForDeploymentPostprocessing = 0;
		};
		1581A0242898263300CD1DF0 /* Frameworks */ = {
			isa = PBXFrameworksBuildPhase;
			buildActionMask = 2147483647;
			files = (
				D0AE707B40C6D701DE55EE34 /* Pods_base_projectTests.framework in Frameworks */,
			);
			runOnlyForDeploymentPostprocessing = 0;
		};
		1581A02E2898263300CD1DF0 /* Frameworks */ = {
			isa = PBXFrameworksBuildPhase;
			buildActionMask = 2147483647;
			files = (
				6324344C87F98C6EA444B60C /* Pods_base_project_base_projectUITests.framework in Frameworks */,
			);
			runOnlyForDeploymentPostprocessing = 0;
		};
/* End PBXFrameworksBuildPhase section */

/* Begin PBXGroup section */
		1214C93E2C41389700551FF9 /* DataSources */ = {
			isa = PBXGroup;
			children = (
				12BF292C2C48173A0023D96A /* APIs */,
			);
			path = DataSources;
			sourceTree = "<group>";
		};
		123620102C512346004B5B77 /* Anime List */ = {
			isa = PBXGroup;
			children = (
				1236201B2C522C7E004B5B77 /* AnimeListViewModel.swift */,
				1236201D2C522D09004B5B77 /* AnimeListScreen.swift */,
				1236201F2C522D76004B5B77 /* AnimeCell.swift */,
			);
			path = "Anime List";
			sourceTree = "<group>";
		};
		12BF291E2C47B24C0023D96A /* RepositoryIMPL */ = {
			isa = PBXGroup;
			children = (
				12BF291F2C47B28C0023D96A /* CharacterRepositoryIMPL.swift */,
				123620152C522AC6004B5B77 /* AnimeRepositoryIMPL.swift */,
			);
			path = RepositoryIMPL;
			sourceTree = "<group>";
		};
		12BF29212C47B4DB0023D96A /* Repositories */ = {
			isa = PBXGroup;
			children = (
				12BF29222C47B4EA0023D96A /* CharacterRepositoryProtocol.swift */,
				123620132C522AA4004B5B77 /* AnimeListRepositoryProtocol.swift */,
			);
			path = Repositories;
			sourceTree = "<group>";
		};
		12BF29242C47B7D40023D96A /* Characters List */ = {
			isa = PBXGroup;
			children = (
				15C81437289973BD0029EA26 /* CharactersListViewModel.swift */,
				15C81434289972190029EA26 /* CharactersListScreen.swift */,
				15ED1AA528A406FA008A92B2 /* CharacterCell.swift */,
			);
			path = "Characters List";
			sourceTree = "<group>";
		};
		12BF29252C480B760023D96A /* UseCases */ = {
			isa = PBXGroup;
			children = (
				12BF29262C4816CD0023D96A /* GetCharactersUseCase.swift */,
				123620192C522BD1004B5B77 /* GetAnimeListUseCase.swift */,
			);
			path = UseCases;
			sourceTree = "<group>";
		};
		12BF29282C4816F60023D96A /* Protocols */ = {
			isa = PBXGroup;
			children = (
				12BF29212C47B4DB0023D96A /* Repositories */,
				12BF292B2C4817200023D96A /* Use Cases */,
			);
			path = Protocols;
			sourceTree = "<group>";
		};
		12BF292B2C4817200023D96A /* Use Cases */ = {
			isa = PBXGroup;
			children = (
				12BF29292C4817170023D96A /* GetCharactersUseCaseProtocol.swift */,
				123620172C522B89004B5B77 /* GetAnimeListUseCaseProtocol.swift */,
			);
			path = "Use Cases";
			sourceTree = "<group>";
		};
		12BF292C2C48173A0023D96A /* APIs */ = {
			isa = PBXGroup;
			children = (
				1214C93F2C4138EF00551FF9 /* CharacterDataSource.swift */,
				123620112C512367004B5B77 /* AnimeListDataSourceProtocol.swift */,
			);
			path = APIs;
			sourceTree = "<group>";
		};
		151F44F3289D641300BC7D2E /* Widgets */ = {
			isa = PBXGroup;
			children = (
				15C3EBBC2B1F922200E12469 /* EmptyListView.swift */,
				15C3EBBF2B1F922200E12469 /* ImagePicker.swift */,
				15C3EBC02B1F922200E12469 /* KingfisherImageView.swift */,
				15C3EBBD2B1F922200E12469 /* ListFooterProgressView.swift */,
				15C3EBBE2B1F922200E12469 /* NetworkImageModifier.swift */,
				15C3EBBB2B1F922200E12469 /* ShimmerView.swift */,
			);
			path = Widgets;
			sourceTree = "<group>";
		};
		156BB88228A5262D000182DB /* Fonts */ = {
			isa = PBXGroup;
			children = (
				156BB88428A52659000182DB /* Bitter-Bold.ttf */,
				156BB88728A52659000182DB /* Bitter-Light.ttf */,
				156BB88528A52659000182DB /* Bitter-Medium.ttf */,
				156BB88628A52659000182DB /* Bitter-Regular.ttf */,
				156BB88328A52659000182DB /* Bitter-SemiBold.ttf */,
			);
			path = Fonts;
			sourceTree = "<group>";
		};
		157A1D9528BD128100DE0678 /* Models used to send data */ = {
			isa = PBXGroup;
			children = (
				157A1D9628BD129500DE0678 /* FileModel.swift */,
			);
			path = "Models used to send data";
			sourceTree = "<group>";
		};
		1581A00E2898263100CD1DF0 = {
			isa = PBXGroup;
			children = (
				1581A0192898263100CD1DF0 /* base_project */,
				1581A02A2898263300CD1DF0 /* base_projectTests */,
				1581A0342898263300CD1DF0 /* base_projectUITests */,
				1581A0182898263100CD1DF0 /* Products */,
				D21A691880BA9CCDEA498C0F /* Pods */,
				3D1C05990F8794E12290B614 /* Frameworks */,
			);
			sourceTree = "<group>";
		};
		1581A0182898263100CD1DF0 /* Products */ = {
			isa = PBXGroup;
			children = (
				1581A0172898263100CD1DF0 /* base_project.app */,
				1581A0272898263300CD1DF0 /* base_projectTests.xctest */,
				1581A0312898263300CD1DF0 /* base_projectUITests.xctest */,
			);
			name = Products;
			sourceTree = "<group>";
		};
		1581A0192898263100CD1DF0 /* base_project */ = {
			isa = PBXGroup;
			children = (
				156BB88D28A52686000182DB /* base-project-Info.plist */,
				15BC6DF529522BAF000B9CE2 /* AppTexts.swift */,
				1598429B2C3A542800DA5E52 /* Constants.swift */,
				1598429D2C3A548C00DA5E52 /* Extensions.swift */,
				1581A052289827AB00CD1DF0 /* Singleton.swift */,
				1581A05428982A6100CD1DF0 /* App */,
				159842952C3A4DBB00DA5E52 /* Data */,
				1581A0442898264400CD1DF0 /* Domain */,
				1598429A2C3A53FA00DA5E52 /* Presentation */,
				1581A0202898263300CD1DF0 /* Preview Content */,
			);
			path = base_project;
			sourceTree = "<group>";
		};
		1581A0202898263300CD1DF0 /* Preview Content */ = {
			isa = PBXGroup;
			children = (
				1581A0212898263300CD1DF0 /* Preview Assets.xcassets */,
			);
			path = "Preview Content";
			sourceTree = "<group>";
		};
		1581A02A2898263300CD1DF0 /* base_projectTests */ = {
			isa = PBXGroup;
			children = (
				1581A02B2898263300CD1DF0 /* base_projectTests.swift */,
			);
			path = base_projectTests;
			sourceTree = "<group>";
		};
		1581A0342898263300CD1DF0 /* base_projectUITests */ = {
			isa = PBXGroup;
			children = (
				1581A0352898263300CD1DF0 /* base_projectUITests.swift */,
				1581A0372898263300CD1DF0 /* base_projectUITestsLaunchTests.swift */,
			);
			path = base_projectUITests;
			sourceTree = "<group>";
		};
		1581A0442898264400CD1DF0 /* Domain */ = {
			isa = PBXGroup;
			children = (
				12BF29282C4816F60023D96A /* Protocols */,
				157A1D9528BD128100DE0678 /* Models used to send data */,
				15C81439289991E30029EA26 /* Models */,
				12BF29252C480B760023D96A /* UseCases */,
			);
			path = Domain;
			sourceTree = "<group>";
		};
		1581A049289826C500CD1DF0 /* Constants And Extensions */ = {
			isa = PBXGroup;
			children = (
				1581A04A289826F700CD1DF0 /* Alerts.swift */,
				1581A04C2898271700CD1DF0 /* PresentationConstants.swift */,
				1581A0502898277200CD1DF0 /* GeneralFunctions.swift */,
				1581A04E2898274A00CD1DF0 /* PresentationExtensions.swift */,
			);
			path = "Constants And Extensions";
			sourceTree = "<group>";
		};
		1581A05428982A6100CD1DF0 /* App */ = {
			isa = PBXGroup;
			children = (
				1581A01A2898263100CD1DF0 /* base_projectApp.swift */,
				1581A05528982A7A00CD1DF0 /* AppEnvironmentObject.swift */,
				1581A01C2898263100CD1DF0 /* ContentView.swift */,
			);
			path = App;
			sourceTree = "<group>";
		};
		1581A05B2898311500CD1DF0 /* Assets */ = {
			isa = PBXGroup;
			children = (
				156BB88228A5262D000182DB /* Fonts */,
				1581A01E2898263300CD1DF0 /* Assets.xcassets */,
				156BB88028A5221A000182DB /* Colors.xcassets */,
			);
			path = Assets;
			sourceTree = "<group>";
		};
		1581A05C289831F900CD1DF0 /* Screens and Widgets */ = {
			isa = PBXGroup;
			children = (
				15F900472B20E18E00447827 /* Storyboards */,
				1581A05D2898321300CD1DF0 /* SwiftUI Screens */,
				151F44F3289D641300BC7D2E /* Widgets */,
			);
			path = "Screens and Widgets";
			sourceTree = "<group>";
		};
		1581A05D2898321300CD1DF0 /* SwiftUI Screens */ = {
			isa = PBXGroup;
			children = (
				123620102C512346004B5B77 /* Anime List */,
				12BF29242C47B7D40023D96A /* Characters List */,
			);
			path = "SwiftUI Screens";
			sourceTree = "<group>";
		};
		159842952C3A4DBB00DA5E52 /* Data */ = {
			isa = PBXGroup;
			children = (
				1214C93E2C41389700551FF9 /* DataSources */,
				1598429F2C3A5BED00DA5E52 /* Network */,
				12BF291E2C47B24C0023D96A /* RepositoryIMPL */,
				159842982C3A4EA900DA5E52 /* DataConstants.swift */,
				159842962C3A4E7300DA5E52 /* DataExtensions.swift */,
				1581A0472898269F00CD1DF0 /* InternetConnectivityViewModel.swift */,
			);
			path = Data;
			sourceTree = "<group>";
		};
		1598429A2C3A53FA00DA5E52 /* Presentation */ = {
			isa = PBXGroup;
			children = (
				1581A049289826C500CD1DF0 /* Constants And Extensions */,
				1581A05B2898311500CD1DF0 /* Assets */,
				1581A05C289831F900CD1DF0 /* Screens and Widgets */,
			);
			path = Presentation;
			sourceTree = "<group>";
		};
		1598429F2C3A5BED00DA5E52 /* Network */ = {
			isa = PBXGroup;
			children = (
				1553B0952926861A0079E9EB /* Endpoints.swift */,
				1581A0452898266800CD1DF0 /* URLRequest.swift */,
			);
			path = Network;
			sourceTree = "<group>";
		};
		15C81439289991E30029EA26 /* Models */ = {
			isa = PBXGroup;
			children = (
				157A1123289AC7890035636F /* CharactersModel.swift */,
				123620212C5233CA004B5B77 /* AnimeListResponse.swift */,
			);
			path = Models;
			sourceTree = "<group>";
		};
		15F900472B20E18E00447827 /* Storyboards */ = {
			isa = PBXGroup;
			children = (
				15F900482B20E19D00447827 /* LaunchScreen.storyboard */,
			);
			path = Storyboards;
			sourceTree = "<group>";
		};
		3D1C05990F8794E12290B614 /* Frameworks */ = {
			isa = PBXGroup;
			children = (
				08A4412AEB9CFF41E8531F21 /* Pods_base_project.framework */,
				E1E80982504AB1EF416DC3F8 /* Pods_base_project_base_projectUITests.framework */,
				9925EEC71ACCF35CD93D3F6D /* Pods_base_projectTests.framework */,
			);
			name = Frameworks;
			sourceTree = "<group>";
		};
		D21A691880BA9CCDEA498C0F /* Pods */ = {
			isa = PBXGroup;
			children = (
				0C47C2D1B4B8ACFA7722EA30 /* Pods-base_project.debug.xcconfig */,
				B0F7D5E33CB3A89EC7EBF884 /* Pods-base_project.release.xcconfig */,
				41AB277B2790512EDE741B9E /* Pods-base_project-base_projectUITests.debug.xcconfig */,
				3A4A2EF352C8EC9D8F2D477D /* Pods-base_project-base_projectUITests.release.xcconfig */,
				7F77DE2AC7627D8D9C75B98C /* Pods-base_projectTests.debug.xcconfig */,
				901D22200E28A48F236C7B99 /* Pods-base_projectTests.release.xcconfig */,
			);
			path = Pods;
			sourceTree = "<group>";
		};
/* End PBXGroup section */

/* Begin PBXNativeTarget section */
		1581A0162898263100CD1DF0 /* base_project */ = {
			isa = PBXNativeTarget;
			buildConfigurationList = 1581A03B2898263300CD1DF0 /* Build configuration list for PBXNativeTarget "base_project" */;
			buildPhases = (
				DAA0F684AA4454A256055DFC /* [CP] Check Pods Manifest.lock */,
				1581A0132898263100CD1DF0 /* Sources */,
				1581A0142898263100CD1DF0 /* Frameworks */,
				1581A0152898263100CD1DF0 /* Resources */,
				456BA35D1972A665A59014DF /* [CP] Embed Pods Frameworks */,
			);
			buildRules = (
			);
			dependencies = (
			);
			name = base_project;
			productName = base_project;
			productReference = 1581A0172898263100CD1DF0 /* base_project.app */;
			productType = "com.apple.product-type.application";
		};
		1581A0262898263300CD1DF0 /* base_projectTests */ = {
			isa = PBXNativeTarget;
			buildConfigurationList = 1581A03E2898263300CD1DF0 /* Build configuration list for PBXNativeTarget "base_projectTests" */;
			buildPhases = (
				BA064BCFBBF1F6C385B47A19 /* [CP] Check Pods Manifest.lock */,
				1581A0232898263300CD1DF0 /* Sources */,
				1581A0242898263300CD1DF0 /* Frameworks */,
				1581A0252898263300CD1DF0 /* Resources */,
			);
			buildRules = (
			);
			dependencies = (
				1581A0292898263300CD1DF0 /* PBXTargetDependency */,
			);
			name = base_projectTests;
			productName = base_projectTests;
			productReference = 1581A0272898263300CD1DF0 /* base_projectTests.xctest */;
			productType = "com.apple.product-type.bundle.unit-test";
		};
		1581A0302898263300CD1DF0 /* base_projectUITests */ = {
			isa = PBXNativeTarget;
			buildConfigurationList = 1581A0412898263300CD1DF0 /* Build configuration list for PBXNativeTarget "base_projectUITests" */;
			buildPhases = (
				A3B489015C6BA5673C5BA435 /* [CP] Check Pods Manifest.lock */,
				1581A02D2898263300CD1DF0 /* Sources */,
				1581A02E2898263300CD1DF0 /* Frameworks */,
				1581A02F2898263300CD1DF0 /* Resources */,
				284E5C1CC8885305D6384830 /* [CP] Embed Pods Frameworks */,
			);
			buildRules = (
			);
			dependencies = (
				1581A0332898263300CD1DF0 /* PBXTargetDependency */,
			);
			name = base_projectUITests;
			productName = base_projectUITests;
			productReference = 1581A0312898263300CD1DF0 /* base_projectUITests.xctest */;
			productType = "com.apple.product-type.bundle.ui-testing";
		};
/* End PBXNativeTarget section */

/* Begin PBXProject section */
		1581A00F2898263100CD1DF0 /* Project object */ = {
			isa = PBXProject;
			attributes = {
				BuildIndependentTargetsInParallel = 1;
				LastSwiftUpdateCheck = 1340;
				LastUpgradeCheck = 1340;
				TargetAttributes = {
					1581A0162898263100CD1DF0 = {
						CreatedOnToolsVersion = 13.4.1;
					};
					1581A0262898263300CD1DF0 = {
						CreatedOnToolsVersion = 13.4.1;
						TestTargetID = 1581A0162898263100CD1DF0;
					};
					1581A0302898263300CD1DF0 = {
						CreatedOnToolsVersion = 13.4.1;
						TestTargetID = 1581A0162898263100CD1DF0;
					};
				};
			};
			buildConfigurationList = 1581A0122898263100CD1DF0 /* Build configuration list for PBXProject "base_project" */;
			compatibilityVersion = "Xcode 13.0";
			developmentRegion = en;
			hasScannedForEncodings = 0;
			knownRegions = (
				en,
				Base,
			);
			mainGroup = 1581A00E2898263100CD1DF0;
			productRefGroup = 1581A0182898263100CD1DF0 /* Products */;
			projectDirPath = "";
			projectRoot = "";
			targets = (
				1581A0162898263100CD1DF0 /* base_project */,
				1581A0262898263300CD1DF0 /* base_projectTests */,
				1581A0302898263300CD1DF0 /* base_projectUITests */,
			);
		};
/* End PBXProject section */

/* Begin PBXResourcesBuildPhase section */
		1581A0152898263100CD1DF0 /* Resources */ = {
			isa = PBXResourcesBuildPhase;
			buildActionMask = 2147483647;
			files = (
				15F900492B20E19D00447827 /* LaunchScreen.storyboard in Resources */,
				156BB88128A5221A000182DB /* Colors.xcassets in Resources */,
				156BB88A28A52659000182DB /* Bitter-Medium.ttf in Resources */,
				156BB88928A52659000182DB /* Bitter-Bold.ttf in Resources */,
				156BB88C28A52659000182DB /* Bitter-Light.ttf in Resources */,
				156BB88828A52659000182DB /* Bitter-SemiBold.ttf in Resources */,
				1581A0222898263300CD1DF0 /* Preview Assets.xcassets in Resources */,
				156BB88B28A52659000182DB /* Bitter-Regular.ttf in Resources */,
				1581A01F2898263300CD1DF0 /* Assets.xcassets in Resources */,
			);
			runOnlyForDeploymentPostprocessing = 0;
		};
		1581A0252898263300CD1DF0 /* Resources */ = {
			isa = PBXResourcesBuildPhase;
			buildActionMask = 2147483647;
			files = (
			);
			runOnlyForDeploymentPostprocessing = 0;
		};
		1581A02F2898263300CD1DF0 /* Resources */ = {
			isa = PBXResourcesBuildPhase;
			buildActionMask = 2147483647;
			files = (
			);
			runOnlyForDeploymentPostprocessing = 0;
		};
/* End PBXResourcesBuildPhase section */

/* Begin PBXShellScriptBuildPhase section */
		284E5C1CC8885305D6384830 /* [CP] Embed Pods Frameworks */ = {
			isa = PBXShellScriptBuildPhase;
			buildActionMask = 2147483647;
			files = (
			);
			inputFileListPaths = (
				"${PODS_ROOT}/Target Support Files/Pods-base_project-base_projectUITests/Pods-base_project-base_projectUITests-frameworks-${CONFIGURATION}-input-files.xcfilelist",
			);
			name = "[CP] Embed Pods Frameworks";
			outputFileListPaths = (
				"${PODS_ROOT}/Target Support Files/Pods-base_project-base_projectUITests/Pods-base_project-base_projectUITests-frameworks-${CONFIGURATION}-output-files.xcfilelist",
			);
			runOnlyForDeploymentPostprocessing = 0;
			shellPath = /bin/sh;
			shellScript = "\"${PODS_ROOT}/Target Support Files/Pods-base_project-base_projectUITests/Pods-base_project-base_projectUITests-frameworks.sh\"\n";
			showEnvVarsInLog = 0;
		};
		456BA35D1972A665A59014DF /* [CP] Embed Pods Frameworks */ = {
			isa = PBXShellScriptBuildPhase;
			buildActionMask = 2147483647;
			files = (
			);
			inputFileListPaths = (
				"${PODS_ROOT}/Target Support Files/Pods-base_project/Pods-base_project-frameworks-${CONFIGURATION}-input-files.xcfilelist",
			);
			name = "[CP] Embed Pods Frameworks";
			outputFileListPaths = (
				"${PODS_ROOT}/Target Support Files/Pods-base_project/Pods-base_project-frameworks-${CONFIGURATION}-output-files.xcfilelist",
			);
			runOnlyForDeploymentPostprocessing = 0;
			shellPath = /bin/sh;
			shellScript = "\"${PODS_ROOT}/Target Support Files/Pods-base_project/Pods-base_project-frameworks.sh\"\n";
			showEnvVarsInLog = 0;
		};
		A3B489015C6BA5673C5BA435 /* [CP] Check Pods Manifest.lock */ = {
			isa = PBXShellScriptBuildPhase;
			buildActionMask = 2147483647;
			files = (
			);
			inputFileListPaths = (
			);
			inputPaths = (
				"${PODS_PODFILE_DIR_PATH}/Podfile.lock",
				"${PODS_ROOT}/Manifest.lock",
			);
			name = "[CP] Check Pods Manifest.lock";
			outputFileListPaths = (
			);
			outputPaths = (
				"$(DERIVED_FILE_DIR)/Pods-base_project-base_projectUITests-checkManifestLockResult.txt",
			);
			runOnlyForDeploymentPostprocessing = 0;
			shellPath = /bin/sh;
			shellScript = "diff \"${PODS_PODFILE_DIR_PATH}/Podfile.lock\" \"${PODS_ROOT}/Manifest.lock\" > /dev/null\nif [ $? != 0 ] ; then\n    # print error to STDERR\n    echo \"error: The sandbox is not in sync with the Podfile.lock. Run 'pod install' or update your CocoaPods installation.\" >&2\n    exit 1\nfi\n# This output is used by Xcode 'outputs' to avoid re-running this script phase.\necho \"SUCCESS\" > \"${SCRIPT_OUTPUT_FILE_0}\"\n";
			showEnvVarsInLog = 0;
		};
		BA064BCFBBF1F6C385B47A19 /* [CP] Check Pods Manifest.lock */ = {
			isa = PBXShellScriptBuildPhase;
			buildActionMask = 2147483647;
			files = (
			);
			inputFileListPaths = (
			);
			inputPaths = (
				"${PODS_PODFILE_DIR_PATH}/Podfile.lock",
				"${PODS_ROOT}/Manifest.lock",
			);
			name = "[CP] Check Pods Manifest.lock";
			outputFileListPaths = (
			);
			outputPaths = (
				"$(DERIVED_FILE_DIR)/Pods-base_projectTests-checkManifestLockResult.txt",
			);
			runOnlyForDeploymentPostprocessing = 0;
			shellPath = /bin/sh;
			shellScript = "diff \"${PODS_PODFILE_DIR_PATH}/Podfile.lock\" \"${PODS_ROOT}/Manifest.lock\" > /dev/null\nif [ $? != 0 ] ; then\n    # print error to STDERR\n    echo \"error: The sandbox is not in sync with the Podfile.lock. Run 'pod install' or update your CocoaPods installation.\" >&2\n    exit 1\nfi\n# This output is used by Xcode 'outputs' to avoid re-running this script phase.\necho \"SUCCESS\" > \"${SCRIPT_OUTPUT_FILE_0}\"\n";
			showEnvVarsInLog = 0;
		};
		DAA0F684AA4454A256055DFC /* [CP] Check Pods Manifest.lock */ = {
			isa = PBXShellScriptBuildPhase;
			buildActionMask = 2147483647;
			files = (
			);
			inputFileListPaths = (
			);
			inputPaths = (
				"${PODS_PODFILE_DIR_PATH}/Podfile.lock",
				"${PODS_ROOT}/Manifest.lock",
			);
			name = "[CP] Check Pods Manifest.lock";
			outputFileListPaths = (
			);
			outputPaths = (
				"$(DERIVED_FILE_DIR)/Pods-base_project-checkManifestLockResult.txt",
			);
			runOnlyForDeploymentPostprocessing = 0;
			shellPath = /bin/sh;
			shellScript = "diff \"${PODS_PODFILE_DIR_PATH}/Podfile.lock\" \"${PODS_ROOT}/Manifest.lock\" > /dev/null\nif [ $? != 0 ] ; then\n    # print error to STDERR\n    echo \"error: The sandbox is not in sync with the Podfile.lock. Run 'pod install' or update your CocoaPods installation.\" >&2\n    exit 1\nfi\n# This output is used by Xcode 'outputs' to avoid re-running this script phase.\necho \"SUCCESS\" > \"${SCRIPT_OUTPUT_FILE_0}\"\n";
			showEnvVarsInLog = 0;
		};
/* End PBXShellScriptBuildPhase section */

/* Begin PBXSourcesBuildPhase section */
		1581A0132898263100CD1DF0 /* Sources */ = {
			isa = PBXSourcesBuildPhase;
			buildActionMask = 2147483647;
			files = (
				123620122C512367004B5B77 /* AnimeListDataSourceProtocol.swift in Sources */,
				123620162C522AC6004B5B77 /* AnimeRepositoryIMPL.swift in Sources */,
				15C81438289973BD0029EA26 /* CharactersListViewModel.swift in Sources */,
				1581A0512898277200CD1DF0 /* GeneralFunctions.swift in Sources */,
				1581A053289827AB00CD1DF0 /* Singleton.swift in Sources */,
				1236201C2C522C7E004B5B77 /* AnimeListViewModel.swift in Sources */,
				15ED1AA628A406FA008A92B2 /* CharacterCell.swift in Sources */,
				1581A0462898266800CD1DF0 /* URLRequest.swift in Sources */,
				12BF29232C47B4EA0023D96A /* CharacterRepositoryProtocol.swift in Sources */,
				1214C9402C4138EF00551FF9 /* CharacterDataSource.swift in Sources */,
				1236201E2C522D09004B5B77 /* AnimeListScreen.swift in Sources */,
				1598429E2C3A548C00DA5E52 /* Extensions.swift in Sources */,
				1581A04D2898271700CD1DF0 /* PresentationConstants.swift in Sources */,
				123620182C522B89004B5B77 /* GetAnimeListUseCaseProtocol.swift in Sources */,
				12BF29202C47B28C0023D96A /* CharacterRepositoryIMPL.swift in Sources */,
				15C3EBC12B1F922200E12469 /* ShimmerView.swift in Sources */,
				15C3EBC52B1F922200E12469 /* ImagePicker.swift in Sources */,
				15C81435289972190029EA26 /* CharactersListScreen.swift in Sources */,
				1598429C2C3A542800DA5E52 /* Constants.swift in Sources */,
				15C3EBC62B1F922200E12469 /* KingfisherImageView.swift in Sources */,
				159842972C3A4E7300DA5E52 /* DataExtensions.swift in Sources */,
				1553B0962926861A0079E9EB /* Endpoints.swift in Sources */,
				1581A04F2898274A00CD1DF0 /* PresentationExtensions.swift in Sources */,
				15BC6DF629522BAF000B9CE2 /* AppTexts.swift in Sources */,
				15C3EBC22B1F922200E12469 /* EmptyListView.swift in Sources */,
				1581A04B289826F700CD1DF0 /* Alerts.swift in Sources */,
				1581A01D2898263100CD1DF0 /* ContentView.swift in Sources */,
				15C3EBC42B1F922200E12469 /* NetworkImageModifier.swift in Sources */,
				123620202C522D76004B5B77 /* AnimeCell.swift in Sources */,
				123620142C522AA4004B5B77 /* AnimeListRepositoryProtocol.swift in Sources */,
				15C3EBC32B1F922200E12469 /* ListFooterProgressView.swift in Sources */,
				1236201A2C522BD1004B5B77 /* GetAnimeListUseCase.swift in Sources */,
				12BF29272C4816CD0023D96A /* GetCharactersUseCase.swift in Sources */,
				157A1124289AC7890035636F /* CharactersModel.swift in Sources */,
				1581A0482898269F00CD1DF0 /* InternetConnectivityViewModel.swift in Sources */,
				1581A05628982A7A00CD1DF0 /* AppEnvironmentObject.swift in Sources */,
				1581A01B2898263100CD1DF0 /* base_projectApp.swift in Sources */,
				157A1D9728BD129500DE0678 /* FileModel.swift in Sources */,
				123620222C5233CA004B5B77 /* AnimeListResponse.swift in Sources */,
				12BF292A2C4817170023D96A /* GetCharactersUseCaseProtocol.swift in Sources */,
				159842992C3A4EA900DA5E52 /* DataConstants.swift in Sources */,
			);
			runOnlyForDeploymentPostprocessing = 0;
		};
		1581A0232898263300CD1DF0 /* Sources */ = {
			isa = PBXSourcesBuildPhase;
			buildActionMask = 2147483647;
			files = (
				1581A02C2898263300CD1DF0 /* base_projectTests.swift in Sources */,
			);
			runOnlyForDeploymentPostprocessing = 0;
		};
		1581A02D2898263300CD1DF0 /* Sources */ = {
			isa = PBXSourcesBuildPhase;
			buildActionMask = 2147483647;
			files = (
				1581A0362898263300CD1DF0 /* base_projectUITests.swift in Sources */,
				1581A0382898263300CD1DF0 /* base_projectUITestsLaunchTests.swift in Sources */,
			);
			runOnlyForDeploymentPostprocessing = 0;
		};
/* End PBXSourcesBuildPhase section */

/* Begin PBXTargetDependency section */
		1581A0292898263300CD1DF0 /* PBXTargetDependency */ = {
			isa = PBXTargetDependency;
			target = 1581A0162898263100CD1DF0 /* base_project */;
			targetProxy = 1581A0282898263300CD1DF0 /* PBXContainerItemProxy */;
		};
		1581A0332898263300CD1DF0 /* PBXTargetDependency */ = {
			isa = PBXTargetDependency;
			target = 1581A0162898263100CD1DF0 /* base_project */;
			targetProxy = 1581A0322898263300CD1DF0 /* PBXContainerItemProxy */;
		};
/* End PBXTargetDependency section */

/* Begin XCBuildConfiguration section */
		1581A0392898263300CD1DF0 /* Debug */ = {
			isa = XCBuildConfiguration;
			buildSettings = {
				ALWAYS_SEARCH_USER_PATHS = NO;
				CLANG_ANALYZER_NONNULL = YES;
				CLANG_ANALYZER_NUMBER_OBJECT_CONVERSION = YES_AGGRESSIVE;
				CLANG_CXX_LANGUAGE_STANDARD = "gnu++17";
				CLANG_ENABLE_MODULES = YES;
				CLANG_ENABLE_OBJC_ARC = YES;
				CLANG_ENABLE_OBJC_WEAK = YES;
				CLANG_WARN_BLOCK_CAPTURE_AUTORELEASING = YES;
				CLANG_WARN_BOOL_CONVERSION = YES;
				CLANG_WARN_COMMA = YES;
				CLANG_WARN_CONSTANT_CONVERSION = YES;
				CLANG_WARN_DEPRECATED_OBJC_IMPLEMENTATIONS = YES;
				CLANG_WARN_DIRECT_OBJC_ISA_USAGE = YES_ERROR;
				CLANG_WARN_DOCUMENTATION_COMMENTS = YES;
				CLANG_WARN_EMPTY_BODY = YES;
				CLANG_WARN_ENUM_CONVERSION = YES;
				CLANG_WARN_INFINITE_RECURSION = YES;
				CLANG_WARN_INT_CONVERSION = YES;
				CLANG_WARN_NON_LITERAL_NULL_CONVERSION = YES;
				CLANG_WARN_OBJC_IMPLICIT_RETAIN_SELF = YES;
				CLANG_WARN_OBJC_LITERAL_CONVERSION = YES;
				CLANG_WARN_OBJC_ROOT_CLASS = YES_ERROR;
				CLANG_WARN_QUOTED_INCLUDE_IN_FRAMEWORK_HEADER = YES;
				CLANG_WARN_RANGE_LOOP_ANALYSIS = YES;
				CLANG_WARN_STRICT_PROTOTYPES = YES;
				CLANG_WARN_SUSPICIOUS_MOVE = YES;
				CLANG_WARN_UNGUARDED_AVAILABILITY = YES_AGGRESSIVE;
				CLANG_WARN_UNREACHABLE_CODE = YES;
				CLANG_WARN__DUPLICATE_METHOD_MATCH = YES;
				COPY_PHASE_STRIP = NO;
				DEBUG_INFORMATION_FORMAT = dwarf;
				ENABLE_STRICT_OBJC_MSGSEND = YES;
				ENABLE_TESTABILITY = YES;
				GCC_C_LANGUAGE_STANDARD = gnu11;
				GCC_DYNAMIC_NO_PIC = NO;
				GCC_NO_COMMON_BLOCKS = YES;
				GCC_OPTIMIZATION_LEVEL = 0;
				GCC_PREPROCESSOR_DEFINITIONS = (
					"DEBUG=1",
					"$(inherited)",
				);
				GCC_WARN_64_TO_32_BIT_CONVERSION = YES;
				GCC_WARN_ABOUT_RETURN_TYPE = YES_ERROR;
				GCC_WARN_UNDECLARED_SELECTOR = YES;
				GCC_WARN_UNINITIALIZED_AUTOS = YES_AGGRESSIVE;
				GCC_WARN_UNUSED_FUNCTION = YES;
				GCC_WARN_UNUSED_VARIABLE = YES;
				IPHONEOS_DEPLOYMENT_TARGET = 15.5;
				MTL_ENABLE_DEBUG_INFO = INCLUDE_SOURCE;
				MTL_FAST_MATH = YES;
				ONLY_ACTIVE_ARCH = YES;
				SDKROOT = iphoneos;
				SWIFT_ACTIVE_COMPILATION_CONDITIONS = DEBUG;
				SWIFT_OPTIMIZATION_LEVEL = "-Onone";
			};
			name = Debug;
		};
		1581A03A2898263300CD1DF0 /* Release */ = {
			isa = XCBuildConfiguration;
			buildSettings = {
				ALWAYS_SEARCH_USER_PATHS = NO;
				CLANG_ANALYZER_NONNULL = YES;
				CLANG_ANALYZER_NUMBER_OBJECT_CONVERSION = YES_AGGRESSIVE;
				CLANG_CXX_LANGUAGE_STANDARD = "gnu++17";
				CLANG_ENABLE_MODULES = YES;
				CLANG_ENABLE_OBJC_ARC = YES;
				CLANG_ENABLE_OBJC_WEAK = YES;
				CLANG_WARN_BLOCK_CAPTURE_AUTORELEASING = YES;
				CLANG_WARN_BOOL_CONVERSION = YES;
				CLANG_WARN_COMMA = YES;
				CLANG_WARN_CONSTANT_CONVERSION = YES;
				CLANG_WARN_DEPRECATED_OBJC_IMPLEMENTATIONS = YES;
				CLANG_WARN_DIRECT_OBJC_ISA_USAGE = YES_ERROR;
				CLANG_WARN_DOCUMENTATION_COMMENTS = YES;
				CLANG_WARN_EMPTY_BODY = YES;
				CLANG_WARN_ENUM_CONVERSION = YES;
				CLANG_WARN_INFINITE_RECURSION = YES;
				CLANG_WARN_INT_CONVERSION = YES;
				CLANG_WARN_NON_LITERAL_NULL_CONVERSION = YES;
				CLANG_WARN_OBJC_IMPLICIT_RETAIN_SELF = YES;
				CLANG_WARN_OBJC_LITERAL_CONVERSION = YES;
				CLANG_WARN_OBJC_ROOT_CLASS = YES_ERROR;
				CLANG_WARN_QUOTED_INCLUDE_IN_FRAMEWORK_HEADER = YES;
				CLANG_WARN_RANGE_LOOP_ANALYSIS = YES;
				CLANG_WARN_STRICT_PROTOTYPES = YES;
				CLANG_WARN_SUSPICIOUS_MOVE = YES;
				CLANG_WARN_UNGUARDED_AVAILABILITY = YES_AGGRESSIVE;
				CLANG_WARN_UNREACHABLE_CODE = YES;
				CLANG_WARN__DUPLICATE_METHOD_MATCH = YES;
				COPY_PHASE_STRIP = NO;
				DEBUG_INFORMATION_FORMAT = "dwarf-with-dsym";
				ENABLE_NS_ASSERTIONS = NO;
				ENABLE_STRICT_OBJC_MSGSEND = YES;
				GCC_C_LANGUAGE_STANDARD = gnu11;
				GCC_NO_COMMON_BLOCKS = YES;
				GCC_WARN_64_TO_32_BIT_CONVERSION = YES;
				GCC_WARN_ABOUT_RETURN_TYPE = YES_ERROR;
				GCC_WARN_UNDECLARED_SELECTOR = YES;
				GCC_WARN_UNINITIALIZED_AUTOS = YES_AGGRESSIVE;
				GCC_WARN_UNUSED_FUNCTION = YES;
				GCC_WARN_UNUSED_VARIABLE = YES;
				IPHONEOS_DEPLOYMENT_TARGET = 15.5;
				MTL_ENABLE_DEBUG_INFO = NO;
				MTL_FAST_MATH = YES;
				SDKROOT = iphoneos;
				SWIFT_COMPILATION_MODE = wholemodule;
				SWIFT_OPTIMIZATION_LEVEL = "-O";
				VALIDATE_PRODUCT = YES;
			};
			name = Release;
		};
		1581A03C2898263300CD1DF0 /* Debug */ = {
			isa = XCBuildConfiguration;
			baseConfigurationReference = 0C47C2D1B4B8ACFA7722EA30 /* Pods-base_project.debug.xcconfig */;
			buildSettings = {
				ASSETCATALOG_COMPILER_APPICON_NAME = AppIcon;
				ASSETCATALOG_COMPILER_GLOBAL_ACCENT_COLOR_NAME = AccentColor;
				CODE_SIGN_IDENTITY = "Apple Development";
				CODE_SIGN_STYLE = Automatic;
				CURRENT_PROJECT_VERSION = 1;
				DEVELOPMENT_ASSET_PATHS = "\"base_project/Preview Content\"";
				DEVELOPMENT_TEAM = "";
				ENABLE_PREVIEWS = YES;
				GENERATE_INFOPLIST_FILE = YES;
				INFOPLIST_FILE = "base-project-Info.plist";
				INFOPLIST_KEY_UIApplicationSceneManifest_Generation = YES;
				INFOPLIST_KEY_UIApplicationSupportsIndirectInputEvents = YES;
				INFOPLIST_KEY_UILaunchScreen_Generation = YES;
				INFOPLIST_KEY_UILaunchStoryboardName = LaunchScreen.storyboard;
				INFOPLIST_KEY_UISupportedInterfaceOrientations_iPad = "UIInterfaceOrientationPortrait UIInterfaceOrientationPortraitUpsideDown UIInterfaceOrientationLandscapeLeft UIInterfaceOrientationLandscapeRight";
				INFOPLIST_KEY_UISupportedInterfaceOrientations_iPhone = "UIInterfaceOrientationPortrait UIInterfaceOrientationLandscapeLeft UIInterfaceOrientationLandscapeRight";
				IPHONEOS_DEPLOYMENT_TARGET = 14.0;
				LD_RUNPATH_SEARCH_PATHS = (
					"$(inherited)",
					"@executable_path/Frameworks",
				);
				MARKETING_VERSION = 1.0;
				PRODUCT_BUNDLE_IDENTIFIER = "com.me.base-project-storyboard";
				PRODUCT_NAME = "$(TARGET_NAME)";
				PROVISIONING_PROFILE_SPECIFIER = "";
				SWIFT_EMIT_LOC_STRINGS = YES;
				SWIFT_VERSION = 5.0;
				TARGETED_DEVICE_FAMILY = 1;
			};
			name = Debug;
		};
		1581A03D2898263300CD1DF0 /* Release */ = {
			isa = XCBuildConfiguration;
			baseConfigurationReference = B0F7D5E33CB3A89EC7EBF884 /* Pods-base_project.release.xcconfig */;
			buildSettings = {
				ASSETCATALOG_COMPILER_APPICON_NAME = AppIcon;
				ASSETCATALOG_COMPILER_GLOBAL_ACCENT_COLOR_NAME = AccentColor;
				CODE_SIGN_IDENTITY = "Apple Development";
				CODE_SIGN_STYLE = Automatic;
				CURRENT_PROJECT_VERSION = 1;
				DEVELOPMENT_ASSET_PATHS = "\"base_project/Preview Content\"";
				DEVELOPMENT_TEAM = "";
				ENABLE_PREVIEWS = YES;
				GENERATE_INFOPLIST_FILE = YES;
				INFOPLIST_FILE = "base-project-Info.plist";
				INFOPLIST_KEY_UIApplicationSceneManifest_Generation = YES;
				INFOPLIST_KEY_UIApplicationSupportsIndirectInputEvents = YES;
				INFOPLIST_KEY_UILaunchScreen_Generation = YES;
				INFOPLIST_KEY_UILaunchStoryboardName = LaunchScreen.storyboard;
				INFOPLIST_KEY_UISupportedInterfaceOrientations_iPad = "UIInterfaceOrientationPortrait UIInterfaceOrientationPortraitUpsideDown UIInterfaceOrientationLandscapeLeft UIInterfaceOrientationLandscapeRight";
				INFOPLIST_KEY_UISupportedInterfaceOrientations_iPhone = "UIInterfaceOrientationPortrait UIInterfaceOrientationLandscapeLeft UIInterfaceOrientationLandscapeRight";
				IPHONEOS_DEPLOYMENT_TARGET = 14.0;
				LD_RUNPATH_SEARCH_PATHS = (
					"$(inherited)",
					"@executable_path/Frameworks",
				);
				MARKETING_VERSION = 1.0;
				PRODUCT_BUNDLE_IDENTIFIER = "com.me.base-project-storyboard";
				PRODUCT_NAME = "$(TARGET_NAME)";
				PROVISIONING_PROFILE_SPECIFIER = "";
				SWIFT_EMIT_LOC_STRINGS = YES;
				SWIFT_VERSION = 5.0;
				TARGETED_DEVICE_FAMILY = 1;
			};
			name = Release;
		};
		1581A03F2898263300CD1DF0 /* Debug */ = {
			isa = XCBuildConfiguration;
			baseConfigurationReference = 7F77DE2AC7627D8D9C75B98C /* Pods-base_projectTests.debug.xcconfig */;
			buildSettings = {
				ALWAYS_EMBED_SWIFT_STANDARD_LIBRARIES = YES;
				BUNDLE_LOADER = "$(TEST_HOST)";
				CODE_SIGN_STYLE = Automatic;
				CURRENT_PROJECT_VERSION = 1;
				GENERATE_INFOPLIST_FILE = YES;
				IPHONEOS_DEPLOYMENT_TARGET = 15.5;
				MARKETING_VERSION = 1.0;
				PRODUCT_BUNDLE_IDENTIFIER = "com.me.base-projectTests";
				PRODUCT_NAME = "$(TARGET_NAME)";
				SWIFT_EMIT_LOC_STRINGS = NO;
				SWIFT_VERSION = 5.0;
				TARGETED_DEVICE_FAMILY = "1,2";
				TEST_HOST = "$(BUILT_PRODUCTS_DIR)/base_project.app/base_project";
			};
			name = Debug;
		};
		1581A0402898263300CD1DF0 /* Release */ = {
			isa = XCBuildConfiguration;
			baseConfigurationReference = 901D22200E28A48F236C7B99 /* Pods-base_projectTests.release.xcconfig */;
			buildSettings = {
				ALWAYS_EMBED_SWIFT_STANDARD_LIBRARIES = YES;
				BUNDLE_LOADER = "$(TEST_HOST)";
				CODE_SIGN_STYLE = Automatic;
				CURRENT_PROJECT_VERSION = 1;
				GENERATE_INFOPLIST_FILE = YES;
				IPHONEOS_DEPLOYMENT_TARGET = 15.5;
				MARKETING_VERSION = 1.0;
				PRODUCT_BUNDLE_IDENTIFIER = "com.me.base-projectTests";
				PRODUCT_NAME = "$(TARGET_NAME)";
				SWIFT_EMIT_LOC_STRINGS = NO;
				SWIFT_VERSION = 5.0;
				TARGETED_DEVICE_FAMILY = "1,2";
				TEST_HOST = "$(BUILT_PRODUCTS_DIR)/base_project.app/base_project";
			};
			name = Release;
		};
		1581A0422898263300CD1DF0 /* Debug */ = {
			isa = XCBuildConfiguration;
			baseConfigurationReference = 41AB277B2790512EDE741B9E /* Pods-base_project-base_projectUITests.debug.xcconfig */;
			buildSettings = {
				ALWAYS_EMBED_SWIFT_STANDARD_LIBRARIES = YES;
				CODE_SIGN_STYLE = Automatic;
				CURRENT_PROJECT_VERSION = 1;
				GENERATE_INFOPLIST_FILE = YES;
				MARKETING_VERSION = 1.0;
				PRODUCT_BUNDLE_IDENTIFIER = "com.me.base-projectUITests";
				PRODUCT_NAME = "$(TARGET_NAME)";
				SWIFT_EMIT_LOC_STRINGS = NO;
				SWIFT_VERSION = 5.0;
				TARGETED_DEVICE_FAMILY = "1,2";
				TEST_TARGET_NAME = base_project;
			};
			name = Debug;
		};
		1581A0432898263300CD1DF0 /* Release */ = {
			isa = XCBuildConfiguration;
			baseConfigurationReference = 3A4A2EF352C8EC9D8F2D477D /* Pods-base_project-base_projectUITests.release.xcconfig */;
			buildSettings = {
				ALWAYS_EMBED_SWIFT_STANDARD_LIBRARIES = YES;
				CODE_SIGN_STYLE = Automatic;
				CURRENT_PROJECT_VERSION = 1;
				GENERATE_INFOPLIST_FILE = YES;
				MARKETING_VERSION = 1.0;
				PRODUCT_BUNDLE_IDENTIFIER = "com.me.base-projectUITests";
				PRODUCT_NAME = "$(TARGET_NAME)";
				SWIFT_EMIT_LOC_STRINGS = NO;
				SWIFT_VERSION = 5.0;
				TARGETED_DEVICE_FAMILY = "1,2";
				TEST_TARGET_NAME = base_project;
			};
			name = Release;
		};
/* End XCBuildConfiguration section */

/* Begin XCConfigurationList section */
		1581A0122898263100CD1DF0 /* Build configuration list for PBXProject "base_project" */ = {
			isa = XCConfigurationList;
			buildConfigurations = (
				1581A0392898263300CD1DF0 /* Debug */,
				1581A03A2898263300CD1DF0 /* Release */,
			);
			defaultConfigurationIsVisible = 0;
			defaultConfigurationName = Release;
		};
		1581A03B2898263300CD1DF0 /* Build configuration list for PBXNativeTarget "base_project" */ = {
			isa = XCConfigurationList;
			buildConfigurations = (
				1581A03C2898263300CD1DF0 /* Debug */,
				1581A03D2898263300CD1DF0 /* Release */,
			);
			defaultConfigurationIsVisible = 0;
			defaultConfigurationName = Release;
		};
		1581A03E2898263300CD1DF0 /* Build configuration list for PBXNativeTarget "base_projectTests" */ = {
			isa = XCConfigurationList;
			buildConfigurations = (
				1581A03F2898263300CD1DF0 /* Debug */,
				1581A0402898263300CD1DF0 /* Release */,
			);
			defaultConfigurationIsVisible = 0;
			defaultConfigurationName = Release;
		};
		1581A0412898263300CD1DF0 /* Build configuration list for PBXNativeTarget "base_projectUITests" */ = {
			isa = XCConfigurationList;
			buildConfigurations = (
				1581A0422898263300CD1DF0 /* Debug */,
				1581A0432898263300CD1DF0 /* Release */,
			);
			defaultConfigurationIsVisible = 0;
			defaultConfigurationName = Release;
		};
/* End XCConfigurationList section */
	};
	rootObject = 1581A00F2898263100CD1DF0 /* Project object */;
}
